// !$*UTF8*$!
{
	archiveVersion = 1;
	classes = {
	};
	objectVersion = 51;
	objects = {

/* Begin PBXBuildFile section */
		14F36327DB357FD92D0A6F83 /* Pods_Uptick_iOS.framework in Frameworks */ = {isa = PBXBuildFile; fileRef = 101E7B1E2DD04A80793D2812 /* Pods_Uptick_iOS.framework */; };
		194A45A01BB18350B8DD58EC /* Pods_Uptick_iOSTests.framework in Frameworks */ = {isa = PBXBuildFile; fileRef = 134FFAC792FCFE793DAF0AB3 /* Pods_Uptick_iOSTests.framework */; };
		B815BFE622DBE74C009CB1BE /* SignUpVC.swift in Sources */ = {isa = PBXBuildFile; fileRef = B815BFE522DBE74C009CB1BE /* SignUpVC.swift */; };
		B815BFE822DC2CBD009CB1BE /* HomeVC.swift in Sources */ = {isa = PBXBuildFile; fileRef = B815BFE722DC2CBD009CB1BE /* HomeVC.swift */; };
		B815BFEA22DC2CCB009CB1BE /* ProfileVC.swift in Sources */ = {isa = PBXBuildFile; fileRef = B815BFE922DC2CCB009CB1BE /* ProfileVC.swift */; };
		B8313ADB22E2FEB2003DFFD3 /* FaqVC.swift in Sources */ = {isa = PBXBuildFile; fileRef = B8313ADA22E2FEB2003DFFD3 /* FaqVC.swift */; };
		B8313ADD22E3041B003DFFD3 /* TermsVC.swift in Sources */ = {isa = PBXBuildFile; fileRef = B8313ADC22E3041B003DFFD3 /* TermsVC.swift */; };
		B8313ADF22E30440003DFFD3 /* HelpVC.swift in Sources */ = {isa = PBXBuildFile; fileRef = B8313ADE22E30440003DFFD3 /* HelpVC.swift */; };
		B8313AE122E30457003DFFD3 /* ReportBugVC.swift in Sources */ = {isa = PBXBuildFile; fileRef = B8313AE022E30457003DFFD3 /* ReportBugVC.swift */; };
		B8313AE322E30492003DFFD3 /* ContactVC.swift in Sources */ = {isa = PBXBuildFile; fileRef = B8313AE222E30492003DFFD3 /* ContactVC.swift */; };
		B8313AE522E304B1003DFFD3 /* NotificationsVC.swift in Sources */ = {isa = PBXBuildFile; fileRef = B8313AE422E304B1003DFFD3 /* NotificationsVC.swift */; };
		B84D1CD322E259F300C3B4D7 /* SettingsVC.swift in Sources */ = {isa = PBXBuildFile; fileRef = B84D1CD222E259F300C3B4D7 /* SettingsVC.swift */; };
		B84D1CF222E2841A00C3B4D7 /* Lato-Hairline.ttf in Resources */ = {isa = PBXBuildFile; fileRef = B84D1CDE22E2841800C3B4D7 /* Lato-Hairline.ttf */; };
		B84D1CF322E2841A00C3B4D7 /* Lato-Hairline.ttf in Resources */ = {isa = PBXBuildFile; fileRef = B84D1CDE22E2841800C3B4D7 /* Lato-Hairline.ttf */; };
		B84D1CF422E2841A00C3B4D7 /* Lato-Hairline.ttf in Resources */ = {isa = PBXBuildFile; fileRef = B84D1CDE22E2841800C3B4D7 /* Lato-Hairline.ttf */; };
		B84D1CF522E2841A00C3B4D7 /* Lato-Italic.ttf in Resources */ = {isa = PBXBuildFile; fileRef = B84D1CDF22E2841800C3B4D7 /* Lato-Italic.ttf */; };
		B84D1CF622E2841A00C3B4D7 /* Lato-Italic.ttf in Resources */ = {isa = PBXBuildFile; fileRef = B84D1CDF22E2841800C3B4D7 /* Lato-Italic.ttf */; };
		B84D1CF722E2841A00C3B4D7 /* Lato-Italic.ttf in Resources */ = {isa = PBXBuildFile; fileRef = B84D1CDF22E2841800C3B4D7 /* Lato-Italic.ttf */; };
		B84D1CF822E2841A00C3B4D7 /* Lato-MediumItalic.ttf in Resources */ = {isa = PBXBuildFile; fileRef = B84D1CE022E2841800C3B4D7 /* Lato-MediumItalic.ttf */; };
		B84D1CF922E2841A00C3B4D7 /* Lato-MediumItalic.ttf in Resources */ = {isa = PBXBuildFile; fileRef = B84D1CE022E2841800C3B4D7 /* Lato-MediumItalic.ttf */; };
		B84D1CFA22E2841A00C3B4D7 /* Lato-MediumItalic.ttf in Resources */ = {isa = PBXBuildFile; fileRef = B84D1CE022E2841800C3B4D7 /* Lato-MediumItalic.ttf */; };
		B84D1CFB22E2841A00C3B4D7 /* Lato-Semibold.ttf in Resources */ = {isa = PBXBuildFile; fileRef = B84D1CE122E2841900C3B4D7 /* Lato-Semibold.ttf */; };
		B84D1CFC22E2841A00C3B4D7 /* Lato-Semibold.ttf in Resources */ = {isa = PBXBuildFile; fileRef = B84D1CE122E2841900C3B4D7 /* Lato-Semibold.ttf */; };
		B84D1CFD22E2841A00C3B4D7 /* Lato-Semibold.ttf in Resources */ = {isa = PBXBuildFile; fileRef = B84D1CE122E2841900C3B4D7 /* Lato-Semibold.ttf */; };
		B84D1CFE22E2841A00C3B4D7 /* Lato-HairlineItalic.ttf in Resources */ = {isa = PBXBuildFile; fileRef = B84D1CE222E2841900C3B4D7 /* Lato-HairlineItalic.ttf */; };
		B84D1CFF22E2841A00C3B4D7 /* Lato-HairlineItalic.ttf in Resources */ = {isa = PBXBuildFile; fileRef = B84D1CE222E2841900C3B4D7 /* Lato-HairlineItalic.ttf */; };
		B84D1D0022E2841A00C3B4D7 /* Lato-HairlineItalic.ttf in Resources */ = {isa = PBXBuildFile; fileRef = B84D1CE222E2841900C3B4D7 /* Lato-HairlineItalic.ttf */; };
		B84D1D0122E2841A00C3B4D7 /* Lato-Thin.ttf in Resources */ = {isa = PBXBuildFile; fileRef = B84D1CE322E2841900C3B4D7 /* Lato-Thin.ttf */; };
		B84D1D0222E2841A00C3B4D7 /* Lato-Thin.ttf in Resources */ = {isa = PBXBuildFile; fileRef = B84D1CE322E2841900C3B4D7 /* Lato-Thin.ttf */; };
		B84D1D0322E2841A00C3B4D7 /* Lato-Thin.ttf in Resources */ = {isa = PBXBuildFile; fileRef = B84D1CE322E2841900C3B4D7 /* Lato-Thin.ttf */; };
		B84D1D0422E2841A00C3B4D7 /* Lato-Black.ttf in Resources */ = {isa = PBXBuildFile; fileRef = B84D1CE422E2841900C3B4D7 /* Lato-Black.ttf */; };
		B84D1D0522E2841A00C3B4D7 /* Lato-Black.ttf in Resources */ = {isa = PBXBuildFile; fileRef = B84D1CE422E2841900C3B4D7 /* Lato-Black.ttf */; };
		B84D1D0622E2841A00C3B4D7 /* Lato-Black.ttf in Resources */ = {isa = PBXBuildFile; fileRef = B84D1CE422E2841900C3B4D7 /* Lato-Black.ttf */; };
		B84D1D0722E2841A00C3B4D7 /* Lato-HeavyItalic.ttf in Resources */ = {isa = PBXBuildFile; fileRef = B84D1CE522E2841900C3B4D7 /* Lato-HeavyItalic.ttf */; };
		B84D1D0822E2841A00C3B4D7 /* Lato-HeavyItalic.ttf in Resources */ = {isa = PBXBuildFile; fileRef = B84D1CE522E2841900C3B4D7 /* Lato-HeavyItalic.ttf */; };
		B84D1D0922E2841A00C3B4D7 /* Lato-HeavyItalic.ttf in Resources */ = {isa = PBXBuildFile; fileRef = B84D1CE522E2841900C3B4D7 /* Lato-HeavyItalic.ttf */; };
		B84D1D0A22E2841A00C3B4D7 /* Lato-SemiboldItalic.ttf in Resources */ = {isa = PBXBuildFile; fileRef = B84D1CE622E2841900C3B4D7 /* Lato-SemiboldItalic.ttf */; };
		B84D1D0B22E2841A00C3B4D7 /* Lato-SemiboldItalic.ttf in Resources */ = {isa = PBXBuildFile; fileRef = B84D1CE622E2841900C3B4D7 /* Lato-SemiboldItalic.ttf */; };
		B84D1D0C22E2841A00C3B4D7 /* Lato-SemiboldItalic.ttf in Resources */ = {isa = PBXBuildFile; fileRef = B84D1CE622E2841900C3B4D7 /* Lato-SemiboldItalic.ttf */; };
		B84D1D0D22E2841A00C3B4D7 /* Lato-ThinItalic.ttf in Resources */ = {isa = PBXBuildFile; fileRef = B84D1CE722E2841900C3B4D7 /* Lato-ThinItalic.ttf */; };
		B84D1D0E22E2841A00C3B4D7 /* Lato-ThinItalic.ttf in Resources */ = {isa = PBXBuildFile; fileRef = B84D1CE722E2841900C3B4D7 /* Lato-ThinItalic.ttf */; };
		B84D1D0F22E2841A00C3B4D7 /* Lato-ThinItalic.ttf in Resources */ = {isa = PBXBuildFile; fileRef = B84D1CE722E2841900C3B4D7 /* Lato-ThinItalic.ttf */; };
		B84D1D1022E2841A00C3B4D7 /* Lato-Light.ttf in Resources */ = {isa = PBXBuildFile; fileRef = B84D1CE822E2841900C3B4D7 /* Lato-Light.ttf */; };
		B84D1D1122E2841A00C3B4D7 /* Lato-Light.ttf in Resources */ = {isa = PBXBuildFile; fileRef = B84D1CE822E2841900C3B4D7 /* Lato-Light.ttf */; };
		B84D1D1222E2841A00C3B4D7 /* Lato-Light.ttf in Resources */ = {isa = PBXBuildFile; fileRef = B84D1CE822E2841900C3B4D7 /* Lato-Light.ttf */; };
		B84D1D1322E2841A00C3B4D7 /* Lato-Medium.ttf in Resources */ = {isa = PBXBuildFile; fileRef = B84D1CE922E2841900C3B4D7 /* Lato-Medium.ttf */; };
		B84D1D1422E2841A00C3B4D7 /* Lato-Medium.ttf in Resources */ = {isa = PBXBuildFile; fileRef = B84D1CE922E2841900C3B4D7 /* Lato-Medium.ttf */; };
		B84D1D1522E2841A00C3B4D7 /* Lato-Medium.ttf in Resources */ = {isa = PBXBuildFile; fileRef = B84D1CE922E2841900C3B4D7 /* Lato-Medium.ttf */; };
		B84D1D1622E2841A00C3B4D7 /* Lato-Regular.ttf in Resources */ = {isa = PBXBuildFile; fileRef = B84D1CEA22E2841900C3B4D7 /* Lato-Regular.ttf */; };
		B84D1D1722E2841A00C3B4D7 /* Lato-Regular.ttf in Resources */ = {isa = PBXBuildFile; fileRef = B84D1CEA22E2841900C3B4D7 /* Lato-Regular.ttf */; };
		B84D1D1822E2841A00C3B4D7 /* Lato-Regular.ttf in Resources */ = {isa = PBXBuildFile; fileRef = B84D1CEA22E2841900C3B4D7 /* Lato-Regular.ttf */; };
		B84D1D1922E2841A00C3B4D7 /* Lato-BoldItalic.ttf in Resources */ = {isa = PBXBuildFile; fileRef = B84D1CEB22E2841900C3B4D7 /* Lato-BoldItalic.ttf */; };
		B84D1D1A22E2841A00C3B4D7 /* Lato-BoldItalic.ttf in Resources */ = {isa = PBXBuildFile; fileRef = B84D1CEB22E2841900C3B4D7 /* Lato-BoldItalic.ttf */; };
		B84D1D1B22E2841A00C3B4D7 /* Lato-BoldItalic.ttf in Resources */ = {isa = PBXBuildFile; fileRef = B84D1CEB22E2841900C3B4D7 /* Lato-BoldItalic.ttf */; };
		B84D1D1C22E2841A00C3B4D7 /* Lato-Bold.ttf in Resources */ = {isa = PBXBuildFile; fileRef = B84D1CEC22E2841900C3B4D7 /* Lato-Bold.ttf */; };
		B84D1D1D22E2841A00C3B4D7 /* Lato-Bold.ttf in Resources */ = {isa = PBXBuildFile; fileRef = B84D1CEC22E2841900C3B4D7 /* Lato-Bold.ttf */; };
		B84D1D1E22E2841A00C3B4D7 /* Lato-Bold.ttf in Resources */ = {isa = PBXBuildFile; fileRef = B84D1CEC22E2841900C3B4D7 /* Lato-Bold.ttf */; };
		B84D1D1F22E2841A00C3B4D7 /* Lato-Heavy.ttf in Resources */ = {isa = PBXBuildFile; fileRef = B84D1CED22E2841900C3B4D7 /* Lato-Heavy.ttf */; };
		B84D1D2022E2841A00C3B4D7 /* Lato-Heavy.ttf in Resources */ = {isa = PBXBuildFile; fileRef = B84D1CED22E2841900C3B4D7 /* Lato-Heavy.ttf */; };
		B84D1D2122E2841A00C3B4D7 /* Lato-Heavy.ttf in Resources */ = {isa = PBXBuildFile; fileRef = B84D1CED22E2841900C3B4D7 /* Lato-Heavy.ttf */; };
		B84D1D2222E2841A00C3B4D7 /* README.txt in Resources */ = {isa = PBXBuildFile; fileRef = B84D1CEE22E2841900C3B4D7 /* README.txt */; };
		B84D1D2322E2841A00C3B4D7 /* README.txt in Resources */ = {isa = PBXBuildFile; fileRef = B84D1CEE22E2841900C3B4D7 /* README.txt */; };
		B84D1D2422E2841A00C3B4D7 /* README.txt in Resources */ = {isa = PBXBuildFile; fileRef = B84D1CEE22E2841900C3B4D7 /* README.txt */; };
		B84D1D2522E2841A00C3B4D7 /* Lato-LightItalic.ttf in Resources */ = {isa = PBXBuildFile; fileRef = B84D1CEF22E2841900C3B4D7 /* Lato-LightItalic.ttf */; };
		B84D1D2622E2841A00C3B4D7 /* Lato-LightItalic.ttf in Resources */ = {isa = PBXBuildFile; fileRef = B84D1CEF22E2841900C3B4D7 /* Lato-LightItalic.ttf */; };
		B84D1D2722E2841A00C3B4D7 /* Lato-LightItalic.ttf in Resources */ = {isa = PBXBuildFile; fileRef = B84D1CEF22E2841900C3B4D7 /* Lato-LightItalic.ttf */; };
		B84D1D2822E2841A00C3B4D7 /* OFL.txt in Resources */ = {isa = PBXBuildFile; fileRef = B84D1CF022E2841A00C3B4D7 /* OFL.txt */; };
		B84D1D2922E2841A00C3B4D7 /* OFL.txt in Resources */ = {isa = PBXBuildFile; fileRef = B84D1CF022E2841A00C3B4D7 /* OFL.txt */; };
		B84D1D2A22E2841A00C3B4D7 /* OFL.txt in Resources */ = {isa = PBXBuildFile; fileRef = B84D1CF022E2841A00C3B4D7 /* OFL.txt */; };
		B84D1D2B22E2841A00C3B4D7 /* Lato-BlackItalic.ttf in Resources */ = {isa = PBXBuildFile; fileRef = B84D1CF122E2841A00C3B4D7 /* Lato-BlackItalic.ttf */; };
		B84D1D2C22E2841A00C3B4D7 /* Lato-BlackItalic.ttf in Resources */ = {isa = PBXBuildFile; fileRef = B84D1CF122E2841A00C3B4D7 /* Lato-BlackItalic.ttf */; };
		B84D1D2D22E2841A00C3B4D7 /* Lato-BlackItalic.ttf in Resources */ = {isa = PBXBuildFile; fileRef = B84D1CF122E2841A00C3B4D7 /* Lato-BlackItalic.ttf */; };
		B8723E9722E5919D000EF848 /* MessageDetail.swift in Sources */ = {isa = PBXBuildFile; fileRef = B8723E9622E5919D000EF848 /* MessageDetail.swift */; };
		B8723E9922E59C55000EF848 /* MessageDetailCell.swift in Sources */ = {isa = PBXBuildFile; fileRef = B8723E9822E59C55000EF848 /* MessageDetailCell.swift */; };
		B8723E9F22E5A884000EF848 /* MessagesCell.swift in Sources */ = {isa = PBXBuildFile; fileRef = B8723E9E22E5A884000EF848 /* MessagesCell.swift */; };
		B8723EA122E5A89D000EF848 /* Message.swift in Sources */ = {isa = PBXBuildFile; fileRef = B8723EA022E5A89D000EF848 /* Message.swift */; };
		B87FB54222DBD10F005D7DCA /* AppDelegate.swift in Sources */ = {isa = PBXBuildFile; fileRef = B87FB54122DBD10F005D7DCA /* AppDelegate.swift */; };
		B87FB54422DBD10F005D7DCA /* SignInVC.swift in Sources */ = {isa = PBXBuildFile; fileRef = B87FB54322DBD10F005D7DCA /* SignInVC.swift */; };
		B87FB54722DBD10F005D7DCA /* Main.storyboard in Resources */ = {isa = PBXBuildFile; fileRef = B87FB54522DBD10F005D7DCA /* Main.storyboard */; };
		B87FB54A22DBD10F005D7DCA /* Uptick_iOS.xcdatamodeld in Sources */ = {isa = PBXBuildFile; fileRef = B87FB54822DBD10F005D7DCA /* Uptick_iOS.xcdatamodeld */; };
		B87FB54C22DBD112005D7DCA /* Assets.xcassets in Resources */ = {isa = PBXBuildFile; fileRef = B87FB54B22DBD112005D7DCA /* Assets.xcassets */; };
		B87FB54F22DBD112005D7DCA /* LaunchScreen.storyboard in Resources */ = {isa = PBXBuildFile; fileRef = B87FB54D22DBD112005D7DCA /* LaunchScreen.storyboard */; };
		B87FB55A22DBD112005D7DCA /* Uptick_iOSTests.swift in Sources */ = {isa = PBXBuildFile; fileRef = B87FB55922DBD112005D7DCA /* Uptick_iOSTests.swift */; };
		B87FB56522DBD112005D7DCA /* Uptick_iOSUITests.swift in Sources */ = {isa = PBXBuildFile; fileRef = B87FB56422DBD112005D7DCA /* Uptick_iOSUITests.swift */; };
		B884BF2222DECD24004BA821 /* GoogleService-Info.plist in Resources */ = {isa = PBXBuildFile; fileRef = B884BF2122DECD24004BA821 /* GoogleService-Info.plist */; };
		B884BF2322DECD24004BA821 /* GoogleService-Info.plist in Resources */ = {isa = PBXBuildFile; fileRef = B884BF2122DECD24004BA821 /* GoogleService-Info.plist */; };
		B884BF2422DECD24004BA821 /* GoogleService-Info.plist in Resources */ = {isa = PBXBuildFile; fileRef = B884BF2122DECD24004BA821 /* GoogleService-Info.plist */; };
		B8D76A8B22E1BCBB00BCBFFB /* MenuVC.swift in Sources */ = {isa = PBXBuildFile; fileRef = B8D76A8A22E1BCBB00BCBFFB /* MenuVC.swift */; };
		B8E66F7922E82AC100524EF2 /* AllUserVC.swift in Sources */ = {isa = PBXBuildFile; fileRef = B8E66F7822E82AC000524EF2 /* AllUserVC.swift */; };
		B8E66F7B22E82FFB00524EF2 /* User.swift in Sources */ = {isa = PBXBuildFile; fileRef = B8E66F7A22E82FFB00524EF2 /* User.swift */; };
		D68C1667F48D467BF8AFB212 /* Pods_Uptick_iOSUITests.framework in Frameworks */ = {isa = PBXBuildFile; fileRef = 82CA07AEFF47B8BEED3E31C7 /* Pods_Uptick_iOSUITests.framework */; };
/* End PBXBuildFile section */

/* Begin PBXContainerItemProxy section */
		B87FB55622DBD112005D7DCA /* PBXContainerItemProxy */ = {
			isa = PBXContainerItemProxy;
			containerPortal = B87FB53622DBD10E005D7DCA /* Project object */;
			proxyType = 1;
			remoteGlobalIDString = B87FB53D22DBD10F005D7DCA;
			remoteInfo = Uptick_iOS;
		};
		B87FB56122DBD112005D7DCA /* PBXContainerItemProxy */ = {
			isa = PBXContainerItemProxy;
			containerPortal = B87FB53622DBD10E005D7DCA /* Project object */;
			proxyType = 1;
			remoteGlobalIDString = B87FB53D22DBD10F005D7DCA;
			remoteInfo = Uptick_iOS;
		};
/* End PBXContainerItemProxy section */

/* Begin PBXFileReference section */
		101E7B1E2DD04A80793D2812 /* Pods_Uptick_iOS.framework */ = {isa = PBXFileReference; explicitFileType = wrapper.framework; includeInIndex = 0; path = Pods_Uptick_iOS.framework; sourceTree = BUILT_PRODUCTS_DIR; };
		134FFAC792FCFE793DAF0AB3 /* Pods_Uptick_iOSTests.framework */ = {isa = PBXFileReference; explicitFileType = wrapper.framework; includeInIndex = 0; path = Pods_Uptick_iOSTests.framework; sourceTree = BUILT_PRODUCTS_DIR; };
		4C5FD2FE946775352EC347A5 /* Pods-Uptick_iOSTests.debug.xcconfig */ = {isa = PBXFileReference; includeInIndex = 1; lastKnownFileType = text.xcconfig; name = "Pods-Uptick_iOSTests.debug.xcconfig"; path = "Target Support Files/Pods-Uptick_iOSTests/Pods-Uptick_iOSTests.debug.xcconfig"; sourceTree = "<group>"; };
		82CA07AEFF47B8BEED3E31C7 /* Pods_Uptick_iOSUITests.framework */ = {isa = PBXFileReference; explicitFileType = wrapper.framework; includeInIndex = 0; path = Pods_Uptick_iOSUITests.framework; sourceTree = BUILT_PRODUCTS_DIR; };
		8C760E6B590F3B8A245E6AC4 /* Pods-Uptick_iOSTests.release.xcconfig */ = {isa = PBXFileReference; includeInIndex = 1; lastKnownFileType = text.xcconfig; name = "Pods-Uptick_iOSTests.release.xcconfig"; path = "Target Support Files/Pods-Uptick_iOSTests/Pods-Uptick_iOSTests.release.xcconfig"; sourceTree = "<group>"; };
		9700390BBDCD3CF2774B98EB /* Pods-Uptick_iOSUITests.release.xcconfig */ = {isa = PBXFileReference; includeInIndex = 1; lastKnownFileType = text.xcconfig; name = "Pods-Uptick_iOSUITests.release.xcconfig"; path = "Target Support Files/Pods-Uptick_iOSUITests/Pods-Uptick_iOSUITests.release.xcconfig"; sourceTree = "<group>"; };
		B815BFE522DBE74C009CB1BE /* SignUpVC.swift */ = {isa = PBXFileReference; lastKnownFileType = sourcecode.swift; path = SignUpVC.swift; sourceTree = "<group>"; };
		B815BFE722DC2CBD009CB1BE /* HomeVC.swift */ = {isa = PBXFileReference; lastKnownFileType = sourcecode.swift; path = HomeVC.swift; sourceTree = "<group>"; };
		B815BFE922DC2CCB009CB1BE /* ProfileVC.swift */ = {isa = PBXFileReference; lastKnownFileType = sourcecode.swift; path = ProfileVC.swift; sourceTree = "<group>"; };
		B8313ADA22E2FEB2003DFFD3 /* FaqVC.swift */ = {isa = PBXFileReference; lastKnownFileType = sourcecode.swift; path = FaqVC.swift; sourceTree = "<group>"; };
		B8313ADC22E3041B003DFFD3 /* TermsVC.swift */ = {isa = PBXFileReference; lastKnownFileType = sourcecode.swift; path = TermsVC.swift; sourceTree = "<group>"; };
		B8313ADE22E30440003DFFD3 /* HelpVC.swift */ = {isa = PBXFileReference; lastKnownFileType = sourcecode.swift; path = HelpVC.swift; sourceTree = "<group>"; };
		B8313AE022E30457003DFFD3 /* ReportBugVC.swift */ = {isa = PBXFileReference; lastKnownFileType = sourcecode.swift; path = ReportBugVC.swift; sourceTree = "<group>"; };
		B8313AE222E30492003DFFD3 /* ContactVC.swift */ = {isa = PBXFileReference; lastKnownFileType = sourcecode.swift; path = ContactVC.swift; sourceTree = "<group>"; };
		B8313AE422E304B1003DFFD3 /* NotificationsVC.swift */ = {isa = PBXFileReference; lastKnownFileType = sourcecode.swift; path = NotificationsVC.swift; sourceTree = "<group>"; };
		B84D1CD222E259F300C3B4D7 /* SettingsVC.swift */ = {isa = PBXFileReference; lastKnownFileType = sourcecode.swift; path = SettingsVC.swift; sourceTree = "<group>"; };
		B84D1CDE22E2841800C3B4D7 /* Lato-Hairline.ttf */ = {isa = PBXFileReference; lastKnownFileType = file; name = "Lato-Hairline.ttf"; path = "../../Uptick_images/Lato2OFL/Lato-Hairline.ttf"; sourceTree = "<group>"; };
		B84D1CDF22E2841800C3B4D7 /* Lato-Italic.ttf */ = {isa = PBXFileReference; lastKnownFileType = file; name = "Lato-Italic.ttf"; path = "../../Uptick_images/Lato2OFL/Lato-Italic.ttf"; sourceTree = "<group>"; };
		B84D1CE022E2841800C3B4D7 /* Lato-MediumItalic.ttf */ = {isa = PBXFileReference; lastKnownFileType = file; name = "Lato-MediumItalic.ttf"; path = "../../Uptick_images/Lato2OFL/Lato-MediumItalic.ttf"; sourceTree = "<group>"; };
		B84D1CE122E2841900C3B4D7 /* Lato-Semibold.ttf */ = {isa = PBXFileReference; lastKnownFileType = file; name = "Lato-Semibold.ttf"; path = "../../Uptick_images/Lato2OFL/Lato-Semibold.ttf"; sourceTree = "<group>"; };
		B84D1CE222E2841900C3B4D7 /* Lato-HairlineItalic.ttf */ = {isa = PBXFileReference; lastKnownFileType = file; name = "Lato-HairlineItalic.ttf"; path = "../../Uptick_images/Lato2OFL/Lato-HairlineItalic.ttf"; sourceTree = "<group>"; };
		B84D1CE322E2841900C3B4D7 /* Lato-Thin.ttf */ = {isa = PBXFileReference; lastKnownFileType = file; name = "Lato-Thin.ttf"; path = "../../Uptick_images/Lato2OFL/Lato-Thin.ttf"; sourceTree = "<group>"; };
		B84D1CE422E2841900C3B4D7 /* Lato-Black.ttf */ = {isa = PBXFileReference; lastKnownFileType = file; name = "Lato-Black.ttf"; path = "../../Uptick_images/Lato2OFL/Lato-Black.ttf"; sourceTree = "<group>"; };
		B84D1CE522E2841900C3B4D7 /* Lato-HeavyItalic.ttf */ = {isa = PBXFileReference; lastKnownFileType = file; name = "Lato-HeavyItalic.ttf"; path = "../../Uptick_images/Lato2OFL/Lato-HeavyItalic.ttf"; sourceTree = "<group>"; };
		B84D1CE622E2841900C3B4D7 /* Lato-SemiboldItalic.ttf */ = {isa = PBXFileReference; lastKnownFileType = file; name = "Lato-SemiboldItalic.ttf"; path = "../../Uptick_images/Lato2OFL/Lato-SemiboldItalic.ttf"; sourceTree = "<group>"; };
		B84D1CE722E2841900C3B4D7 /* Lato-ThinItalic.ttf */ = {isa = PBXFileReference; lastKnownFileType = file; name = "Lato-ThinItalic.ttf"; path = "../../Uptick_images/Lato2OFL/Lato-ThinItalic.ttf"; sourceTree = "<group>"; };
		B84D1CE822E2841900C3B4D7 /* Lato-Light.ttf */ = {isa = PBXFileReference; lastKnownFileType = file; name = "Lato-Light.ttf"; path = "../../Uptick_images/Lato2OFL/Lato-Light.ttf"; sourceTree = "<group>"; };
		B84D1CE922E2841900C3B4D7 /* Lato-Medium.ttf */ = {isa = PBXFileReference; lastKnownFileType = file; name = "Lato-Medium.ttf"; path = "../../Uptick_images/Lato2OFL/Lato-Medium.ttf"; sourceTree = "<group>"; };
		B84D1CEA22E2841900C3B4D7 /* Lato-Regular.ttf */ = {isa = PBXFileReference; lastKnownFileType = file; name = "Lato-Regular.ttf"; path = "../../Uptick_images/Lato2OFL/Lato-Regular.ttf"; sourceTree = "<group>"; };
		B84D1CEB22E2841900C3B4D7 /* Lato-BoldItalic.ttf */ = {isa = PBXFileReference; lastKnownFileType = file; name = "Lato-BoldItalic.ttf"; path = "../../Uptick_images/Lato2OFL/Lato-BoldItalic.ttf"; sourceTree = "<group>"; };
		B84D1CEC22E2841900C3B4D7 /* Lato-Bold.ttf */ = {isa = PBXFileReference; lastKnownFileType = file; name = "Lato-Bold.ttf"; path = "../../Uptick_images/Lato2OFL/Lato-Bold.ttf"; sourceTree = "<group>"; };
		B84D1CED22E2841900C3B4D7 /* Lato-Heavy.ttf */ = {isa = PBXFileReference; lastKnownFileType = file; name = "Lato-Heavy.ttf"; path = "../../Uptick_images/Lato2OFL/Lato-Heavy.ttf"; sourceTree = "<group>"; };
		B84D1CEE22E2841900C3B4D7 /* README.txt */ = {isa = PBXFileReference; fileEncoding = 4; lastKnownFileType = text; name = README.txt; path = ../../Uptick_images/Lato2OFL/README.txt; sourceTree = "<group>"; };
		B84D1CEF22E2841900C3B4D7 /* Lato-LightItalic.ttf */ = {isa = PBXFileReference; lastKnownFileType = file; name = "Lato-LightItalic.ttf"; path = "../../Uptick_images/Lato2OFL/Lato-LightItalic.ttf"; sourceTree = "<group>"; };
		B84D1CF022E2841A00C3B4D7 /* OFL.txt */ = {isa = PBXFileReference; fileEncoding = 4; lastKnownFileType = text; name = OFL.txt; path = ../../Uptick_images/Lato2OFL/OFL.txt; sourceTree = "<group>"; };
		B84D1CF122E2841A00C3B4D7 /* Lato-BlackItalic.ttf */ = {isa = PBXFileReference; lastKnownFileType = file; name = "Lato-BlackItalic.ttf"; path = "../../Uptick_images/Lato2OFL/Lato-BlackItalic.ttf"; sourceTree = "<group>"; };
		B8723E9622E5919D000EF848 /* MessageDetail.swift */ = {isa = PBXFileReference; lastKnownFileType = sourcecode.swift; path = MessageDetail.swift; sourceTree = "<group>"; };
		B8723E9822E59C55000EF848 /* MessageDetailCell.swift */ = {isa = PBXFileReference; lastKnownFileType = sourcecode.swift; path = MessageDetailCell.swift; sourceTree = "<group>"; };
		B8723E9E22E5A884000EF848 /* MessagesCell.swift */ = {isa = PBXFileReference; lastKnownFileType = sourcecode.swift; path = MessagesCell.swift; sourceTree = "<group>"; };
		B8723EA022E5A89D000EF848 /* Message.swift */ = {isa = PBXFileReference; lastKnownFileType = sourcecode.swift; path = Message.swift; sourceTree = "<group>"; };
		B87FB53E22DBD10F005D7DCA /* Uptick_iOS.app */ = {isa = PBXFileReference; explicitFileType = wrapper.application; includeInIndex = 0; path = Uptick_iOS.app; sourceTree = BUILT_PRODUCTS_DIR; };
		B87FB54122DBD10F005D7DCA /* AppDelegate.swift */ = {isa = PBXFileReference; lastKnownFileType = sourcecode.swift; path = AppDelegate.swift; sourceTree = "<group>"; };
		B87FB54322DBD10F005D7DCA /* SignInVC.swift */ = {isa = PBXFileReference; lastKnownFileType = sourcecode.swift; path = SignInVC.swift; sourceTree = "<group>"; };
		B87FB54622DBD10F005D7DCA /* Base */ = {isa = PBXFileReference; lastKnownFileType = file.storyboard; name = Base; path = Base.lproj/Main.storyboard; sourceTree = "<group>"; };
		B87FB54922DBD10F005D7DCA /* Uptick_iOS.xcdatamodel */ = {isa = PBXFileReference; lastKnownFileType = wrapper.xcdatamodel; path = Uptick_iOS.xcdatamodel; sourceTree = "<group>"; };
		B87FB54B22DBD112005D7DCA /* Assets.xcassets */ = {isa = PBXFileReference; lastKnownFileType = folder.assetcatalog; path = Assets.xcassets; sourceTree = "<group>"; };
		B87FB54E22DBD112005D7DCA /* Base */ = {isa = PBXFileReference; lastKnownFileType = file.storyboard; name = Base; path = Base.lproj/LaunchScreen.storyboard; sourceTree = "<group>"; };
		B87FB55022DBD112005D7DCA /* Info.plist */ = {isa = PBXFileReference; lastKnownFileType = text.plist.xml; path = Info.plist; sourceTree = "<group>"; };
		B87FB55522DBD112005D7DCA /* Uptick_iOSTests.xctest */ = {isa = PBXFileReference; explicitFileType = wrapper.cfbundle; includeInIndex = 0; path = Uptick_iOSTests.xctest; sourceTree = BUILT_PRODUCTS_DIR; };
		B87FB55922DBD112005D7DCA /* Uptick_iOSTests.swift */ = {isa = PBXFileReference; lastKnownFileType = sourcecode.swift; path = Uptick_iOSTests.swift; sourceTree = "<group>"; };
		B87FB55B22DBD112005D7DCA /* Info.plist */ = {isa = PBXFileReference; lastKnownFileType = text.plist.xml; path = Info.plist; sourceTree = "<group>"; };
		B87FB56022DBD112005D7DCA /* Uptick_iOSUITests.xctest */ = {isa = PBXFileReference; explicitFileType = wrapper.cfbundle; includeInIndex = 0; path = Uptick_iOSUITests.xctest; sourceTree = BUILT_PRODUCTS_DIR; };
		B87FB56422DBD112005D7DCA /* Uptick_iOSUITests.swift */ = {isa = PBXFileReference; lastKnownFileType = sourcecode.swift; path = Uptick_iOSUITests.swift; sourceTree = "<group>"; };
		B87FB56622DBD112005D7DCA /* Info.plist */ = {isa = PBXFileReference; lastKnownFileType = text.plist.xml; path = Info.plist; sourceTree = "<group>"; };
		B884BF2122DECD24004BA821 /* GoogleService-Info.plist */ = {isa = PBXFileReference; fileEncoding = 4; lastKnownFileType = text.plist.xml; name = "GoogleService-Info.plist"; path = "../../../Downloads/GoogleService-Info.plist"; sourceTree = "<group>"; };
		B8D76A8A22E1BCBB00BCBFFB /* MenuVC.swift */ = {isa = PBXFileReference; lastKnownFileType = sourcecode.swift; path = MenuVC.swift; sourceTree = "<group>"; };
		B8E66F7822E82AC000524EF2 /* AllUserVC.swift */ = {isa = PBXFileReference; lastKnownFileType = sourcecode.swift; path = AllUserVC.swift; sourceTree = "<group>"; };
		B8E66F7A22E82FFB00524EF2 /* User.swift */ = {isa = PBXFileReference; lastKnownFileType = sourcecode.swift; path = User.swift; sourceTree = "<group>"; };
		D8214B6B9208F506AE13FB6F /* Pods-Uptick_iOS.debug.xcconfig */ = {isa = PBXFileReference; includeInIndex = 1; lastKnownFileType = text.xcconfig; name = "Pods-Uptick_iOS.debug.xcconfig"; path = "Target Support Files/Pods-Uptick_iOS/Pods-Uptick_iOS.debug.xcconfig"; sourceTree = "<group>"; };
		DAA5E425178FF429F926A5F9 /* Pods-Uptick_iOS.release.xcconfig */ = {isa = PBXFileReference; includeInIndex = 1; lastKnownFileType = text.xcconfig; name = "Pods-Uptick_iOS.release.xcconfig"; path = "Target Support Files/Pods-Uptick_iOS/Pods-Uptick_iOS.release.xcconfig"; sourceTree = "<group>"; };
		F2FE6DC9FB2941AC6ABBDA60 /* Pods-Uptick_iOSUITests.debug.xcconfig */ = {isa = PBXFileReference; includeInIndex = 1; lastKnownFileType = text.xcconfig; name = "Pods-Uptick_iOSUITests.debug.xcconfig"; path = "Target Support Files/Pods-Uptick_iOSUITests/Pods-Uptick_iOSUITests.debug.xcconfig"; sourceTree = "<group>"; };
/* End PBXFileReference section */

/* Begin PBXFrameworksBuildPhase section */
		B87FB53B22DBD10F005D7DCA /* Frameworks */ = {
			isa = PBXFrameworksBuildPhase;
			buildActionMask = 2147483647;
			files = (
				14F36327DB357FD92D0A6F83 /* Pods_Uptick_iOS.framework in Frameworks */,
			);
			runOnlyForDeploymentPostprocessing = 0;
		};
		B87FB55222DBD112005D7DCA /* Frameworks */ = {
			isa = PBXFrameworksBuildPhase;
			buildActionMask = 2147483647;
			files = (
				194A45A01BB18350B8DD58EC /* Pods_Uptick_iOSTests.framework in Frameworks */,
			);
			runOnlyForDeploymentPostprocessing = 0;
		};
		B87FB55D22DBD112005D7DCA /* Frameworks */ = {
			isa = PBXFrameworksBuildPhase;
			buildActionMask = 2147483647;
			files = (
				D68C1667F48D467BF8AFB212 /* Pods_Uptick_iOSUITests.framework in Frameworks */,
			);
			runOnlyForDeploymentPostprocessing = 0;
		};
/* End PBXFrameworksBuildPhase section */

/* Begin PBXGroup section */
		4FF479821BD29DE6724FDF88 /* Pods */ = {
			isa = PBXGroup;
			children = (
				D8214B6B9208F506AE13FB6F /* Pods-Uptick_iOS.debug.xcconfig */,
				DAA5E425178FF429F926A5F9 /* Pods-Uptick_iOS.release.xcconfig */,
				4C5FD2FE946775352EC347A5 /* Pods-Uptick_iOSTests.debug.xcconfig */,
				8C760E6B590F3B8A245E6AC4 /* Pods-Uptick_iOSTests.release.xcconfig */,
				F2FE6DC9FB2941AC6ABBDA60 /* Pods-Uptick_iOSUITests.debug.xcconfig */,
				9700390BBDCD3CF2774B98EB /* Pods-Uptick_iOSUITests.release.xcconfig */,
			);
			path = Pods;
			sourceTree = "<group>";
		};
		B1E24CFDA6A8E4D7B30E93E1 /* Frameworks */ = {
			isa = PBXGroup;
			children = (
				101E7B1E2DD04A80793D2812 /* Pods_Uptick_iOS.framework */,
				134FFAC792FCFE793DAF0AB3 /* Pods_Uptick_iOSTests.framework */,
				82CA07AEFF47B8BEED3E31C7 /* Pods_Uptick_iOSUITests.framework */,
			);
			name = Frameworks;
			sourceTree = "<group>";
		};
		B84D1CDD22E2840700C3B4D7 /* fonts */ = {
			isa = PBXGroup;
			children = (
				B84D1CE422E2841900C3B4D7 /* Lato-Black.ttf */,
				B84D1CF122E2841A00C3B4D7 /* Lato-BlackItalic.ttf */,
				B84D1CEC22E2841900C3B4D7 /* Lato-Bold.ttf */,
				B84D1CEB22E2841900C3B4D7 /* Lato-BoldItalic.ttf */,
				B84D1CDE22E2841800C3B4D7 /* Lato-Hairline.ttf */,
				B84D1CE222E2841900C3B4D7 /* Lato-HairlineItalic.ttf */,
				B84D1CED22E2841900C3B4D7 /* Lato-Heavy.ttf */,
				B84D1CE522E2841900C3B4D7 /* Lato-HeavyItalic.ttf */,
				B84D1CDF22E2841800C3B4D7 /* Lato-Italic.ttf */,
				B84D1CE822E2841900C3B4D7 /* Lato-Light.ttf */,
				B84D1CEF22E2841900C3B4D7 /* Lato-LightItalic.ttf */,
				B84D1CE922E2841900C3B4D7 /* Lato-Medium.ttf */,
				B84D1CE022E2841800C3B4D7 /* Lato-MediumItalic.ttf */,
				B84D1CEA22E2841900C3B4D7 /* Lato-Regular.ttf */,
				B84D1CE122E2841900C3B4D7 /* Lato-Semibold.ttf */,
				B84D1CE622E2841900C3B4D7 /* Lato-SemiboldItalic.ttf */,
				B84D1CE322E2841900C3B4D7 /* Lato-Thin.ttf */,
				B84D1CE722E2841900C3B4D7 /* Lato-ThinItalic.ttf */,
				B84D1CF022E2841A00C3B4D7 /* OFL.txt */,
				B84D1CEE22E2841900C3B4D7 /* README.txt */,
			);
			name = fonts;
			sourceTree = "<group>";
		};
		B8723E9122E58F3A000EF848 /* Model */ = {
			isa = PBXGroup;
			children = (
				B8723E9622E5919D000EF848 /* MessageDetail.swift */,
				B8723EA022E5A89D000EF848 /* Message.swift */,
				B8E66F7A22E82FFB00524EF2 /* User.swift */,
			);
			name = Model;
			sourceTree = "<group>";
		};
		B8723E9222E58F56000EF848 /* Controller */ = {
			isa = PBXGroup;
			children = (
				B8313ADC22E3041B003DFFD3 /* TermsVC.swift */,
				B8313ADE22E30440003DFFD3 /* HelpVC.swift */,
				B8313AE022E30457003DFFD3 /* ReportBugVC.swift */,
				B84D1CD222E259F300C3B4D7 /* SettingsVC.swift */,
				B87FB54322DBD10F005D7DCA /* SignInVC.swift */,
				B815BFE522DBE74C009CB1BE /* SignUpVC.swift */,
				B815BFE722DC2CBD009CB1BE /* HomeVC.swift */,
				B815BFE922DC2CCB009CB1BE /* ProfileVC.swift */,
				B8D76A8A22E1BCBB00BCBFFB /* MenuVC.swift */,
				B8313ADA22E2FEB2003DFFD3 /* FaqVC.swift */,
				B8313AE222E30492003DFFD3 /* ContactVC.swift */,
				B8313AE422E304B1003DFFD3 /* NotificationsVC.swift */,
				B8E66F7822E82AC000524EF2 /* AllUserVC.swift */,
			);
			name = Controller;
			sourceTree = "<group>";
		};
		B8723E9322E59018000EF848 /* View */ = {
			isa = PBXGroup;
			children = (
				B8723E9822E59C55000EF848 /* MessageDetailCell.swift */,
				B8723E9E22E5A884000EF848 /* MessagesCell.swift */,
			);
			name = View;
			sourceTree = "<group>";
		};
		B87FB53522DBD10E005D7DCA = {
			isa = PBXGroup;
			children = (
				B87FB54022DBD10F005D7DCA /* Uptick_iOS */,
				B87FB55822DBD112005D7DCA /* Uptick_iOSTests */,
				B87FB56322DBD112005D7DCA /* Uptick_iOSUITests */,
				B87FB53F22DBD10F005D7DCA /* Products */,
				4FF479821BD29DE6724FDF88 /* Pods */,
				B1E24CFDA6A8E4D7B30E93E1 /* Frameworks */,
			);
			sourceTree = "<group>";
		};
		B87FB53F22DBD10F005D7DCA /* Products */ = {
			isa = PBXGroup;
			children = (
				B87FB53E22DBD10F005D7DCA /* Uptick_iOS.app */,
				B87FB55522DBD112005D7DCA /* Uptick_iOSTests.xctest */,
				B87FB56022DBD112005D7DCA /* Uptick_iOSUITests.xctest */,
			);
			name = Products;
			sourceTree = "<group>";
		};
		B87FB54022DBD10F005D7DCA /* Uptick_iOS */ = {
			isa = PBXGroup;
			children = (
				B8723E9322E59018000EF848 /* View */,
				B8723E9222E58F56000EF848 /* Controller */,
				B8723E9122E58F3A000EF848 /* Model */,
				B84D1CDD22E2840700C3B4D7 /* fonts */,
				B87FB54122DBD10F005D7DCA /* AppDelegate.swift */,
				B87FB54522DBD10F005D7DCA /* Main.storyboard */,
				B87FB54B22DBD112005D7DCA /* Assets.xcassets */,
				B87FB54D22DBD112005D7DCA /* LaunchScreen.storyboard */,
				B87FB55022DBD112005D7DCA /* Info.plist */,
				B87FB54822DBD10F005D7DCA /* Uptick_iOS.xcdatamodeld */,
				B884BF2122DECD24004BA821 /* GoogleService-Info.plist */,
			);
			path = Uptick_iOS;
			sourceTree = "<group>";
		};
		B87FB55822DBD112005D7DCA /* Uptick_iOSTests */ = {
			isa = PBXGroup;
			children = (
				B87FB55922DBD112005D7DCA /* Uptick_iOSTests.swift */,
				B87FB55B22DBD112005D7DCA /* Info.plist */,
			);
			path = Uptick_iOSTests;
			sourceTree = "<group>";
		};
		B87FB56322DBD112005D7DCA /* Uptick_iOSUITests */ = {
			isa = PBXGroup;
			children = (
				B87FB56422DBD112005D7DCA /* Uptick_iOSUITests.swift */,
				B87FB56622DBD112005D7DCA /* Info.plist */,
			);
			path = Uptick_iOSUITests;
			sourceTree = "<group>";
		};
/* End PBXGroup section */

/* Begin PBXNativeTarget section */
		B87FB53D22DBD10F005D7DCA /* Uptick_iOS */ = {
			isa = PBXNativeTarget;
			buildConfigurationList = B87FB56922DBD112005D7DCA /* Build configuration list for PBXNativeTarget "Uptick_iOS" */;
			buildPhases = (
				F687E73EEE19A389F679F05E /* [CP] Check Pods Manifest.lock */,
				B87FB53A22DBD10F005D7DCA /* Sources */,
				B87FB53B22DBD10F005D7DCA /* Frameworks */,
				B87FB53C22DBD10F005D7DCA /* Resources */,
				DD40A40D0163D09855236147 /* [CP] Embed Pods Frameworks */,
				B833761C22E60172003BC588 /* ShellScript */,
			);
			buildRules = (
			);
			dependencies = (
			);
			name = Uptick_iOS;
			productName = Uptick_iOS;
			productReference = B87FB53E22DBD10F005D7DCA /* Uptick_iOS.app */;
			productType = "com.apple.product-type.application";
		};
		B87FB55422DBD112005D7DCA /* Uptick_iOSTests */ = {
			isa = PBXNativeTarget;
			buildConfigurationList = B87FB56C22DBD112005D7DCA /* Build configuration list for PBXNativeTarget "Uptick_iOSTests" */;
			buildPhases = (
				952C237A38DA410779C6C063 /* [CP] Check Pods Manifest.lock */,
				B87FB55122DBD112005D7DCA /* Sources */,
				B87FB55222DBD112005D7DCA /* Frameworks */,
				B87FB55322DBD112005D7DCA /* Resources */,
			);
			buildRules = (
			);
			dependencies = (
				B87FB55722DBD112005D7DCA /* PBXTargetDependency */,
			);
			name = Uptick_iOSTests;
			productName = Uptick_iOSTests;
			productReference = B87FB55522DBD112005D7DCA /* Uptick_iOSTests.xctest */;
			productType = "com.apple.product-type.bundle.unit-test";
		};
		B87FB55F22DBD112005D7DCA /* Uptick_iOSUITests */ = {
			isa = PBXNativeTarget;
			buildConfigurationList = B87FB56F22DBD112005D7DCA /* Build configuration list for PBXNativeTarget "Uptick_iOSUITests" */;
			buildPhases = (
				36FAE1E4F0B5B107D38106D1 /* [CP] Check Pods Manifest.lock */,
				B87FB55C22DBD112005D7DCA /* Sources */,
				B87FB55D22DBD112005D7DCA /* Frameworks */,
				B87FB55E22DBD112005D7DCA /* Resources */,
			);
			buildRules = (
			);
			dependencies = (
				B87FB56222DBD112005D7DCA /* PBXTargetDependency */,
			);
			name = Uptick_iOSUITests;
			productName = Uptick_iOSUITests;
			productReference = B87FB56022DBD112005D7DCA /* Uptick_iOSUITests.xctest */;
			productType = "com.apple.product-type.bundle.ui-testing";
		};
/* End PBXNativeTarget section */

/* Begin PBXProject section */
		B87FB53622DBD10E005D7DCA /* Project object */ = {
			isa = PBXProject;
			attributes = {
				LastSwiftUpdateCheck = 1020;
				LastUpgradeCheck = 1020;
				ORGANIZATIONNAME = "Abdullah Al Mamun";
				TargetAttributes = {
					B87FB53D22DBD10F005D7DCA = {
						CreatedOnToolsVersion = 10.2.1;
					};
					B87FB55422DBD112005D7DCA = {
						CreatedOnToolsVersion = 10.2.1;
						TestTargetID = B87FB53D22DBD10F005D7DCA;
					};
					B87FB55F22DBD112005D7DCA = {
						CreatedOnToolsVersion = 10.2.1;
						TestTargetID = B87FB53D22DBD10F005D7DCA;
					};
				};
			};
			buildConfigurationList = B87FB53922DBD10E005D7DCA /* Build configuration list for PBXProject "Uptick_iOS" */;
			compatibilityVersion = "Xcode 9.3";
			developmentRegion = en;
			hasScannedForEncodings = 0;
			knownRegions = (
				en,
				Base,
			);
			mainGroup = B87FB53522DBD10E005D7DCA;
			productRefGroup = B87FB53F22DBD10F005D7DCA /* Products */;
			projectDirPath = "";
			projectRoot = "";
			targets = (
				B87FB53D22DBD10F005D7DCA /* Uptick_iOS */,
				B87FB55422DBD112005D7DCA /* Uptick_iOSTests */,
				B87FB55F22DBD112005D7DCA /* Uptick_iOSUITests */,
			);
		};
/* End PBXProject section */

/* Begin PBXResourcesBuildPhase section */
		B87FB53C22DBD10F005D7DCA /* Resources */ = {
			isa = PBXResourcesBuildPhase;
			buildActionMask = 2147483647;
			files = (
				B84D1D1F22E2841A00C3B4D7 /* Lato-Heavy.ttf in Resources */,
				B84D1D1022E2841A00C3B4D7 /* Lato-Light.ttf in Resources */,
				B87FB54F22DBD112005D7DCA /* LaunchScreen.storyboard in Resources */,
				B84D1D0D22E2841A00C3B4D7 /* Lato-ThinItalic.ttf in Resources */,
				B84D1D1922E2841A00C3B4D7 /* Lato-BoldItalic.ttf in Resources */,
				B84D1CFB22E2841A00C3B4D7 /* Lato-Semibold.ttf in Resources */,
				B84D1CF222E2841A00C3B4D7 /* Lato-Hairline.ttf in Resources */,
				B884BF2222DECD24004BA821 /* GoogleService-Info.plist in Resources */,
				B84D1D2B22E2841A00C3B4D7 /* Lato-BlackItalic.ttf in Resources */,
				B84D1D0722E2841A00C3B4D7 /* Lato-HeavyItalic.ttf in Resources */,
				B87FB54C22DBD112005D7DCA /* Assets.xcassets in Resources */,
				B84D1CFE22E2841A00C3B4D7 /* Lato-HairlineItalic.ttf in Resources */,
				B84D1D2522E2841A00C3B4D7 /* Lato-LightItalic.ttf in Resources */,
				B84D1D2822E2841A00C3B4D7 /* OFL.txt in Resources */,
				B84D1D1322E2841A00C3B4D7 /* Lato-Medium.ttf in Resources */,
				B84D1D1C22E2841A00C3B4D7 /* Lato-Bold.ttf in Resources */,
				B84D1D0422E2841A00C3B4D7 /* Lato-Black.ttf in Resources */,
				B84D1CF822E2841A00C3B4D7 /* Lato-MediumItalic.ttf in Resources */,
				B84D1D0122E2841A00C3B4D7 /* Lato-Thin.ttf in Resources */,
				B84D1CF522E2841A00C3B4D7 /* Lato-Italic.ttf in Resources */,
				B84D1D0A22E2841A00C3B4D7 /* Lato-SemiboldItalic.ttf in Resources */,
				B87FB54722DBD10F005D7DCA /* Main.storyboard in Resources */,
				B84D1D2222E2841A00C3B4D7 /* README.txt in Resources */,
				B84D1D1622E2841A00C3B4D7 /* Lato-Regular.ttf in Resources */,
			);
			runOnlyForDeploymentPostprocessing = 0;
		};
		B87FB55322DBD112005D7DCA /* Resources */ = {
			isa = PBXResourcesBuildPhase;
			buildActionMask = 2147483647;
			files = (
				B84D1CFC22E2841A00C3B4D7 /* Lato-Semibold.ttf in Resources */,
				B84D1D1422E2841A00C3B4D7 /* Lato-Medium.ttf in Resources */,
				B84D1D2C22E2841A00C3B4D7 /* Lato-BlackItalic.ttf in Resources */,
				B84D1D0822E2841A00C3B4D7 /* Lato-HeavyItalic.ttf in Resources */,
				B84D1CF322E2841A00C3B4D7 /* Lato-Hairline.ttf in Resources */,
				B84D1D2022E2841A00C3B4D7 /* Lato-Heavy.ttf in Resources */,
				B84D1D1122E2841A00C3B4D7 /* Lato-Light.ttf in Resources */,
				B84D1D0222E2841A00C3B4D7 /* Lato-Thin.ttf in Resources */,
				B84D1CFF22E2841A00C3B4D7 /* Lato-HairlineItalic.ttf in Resources */,
				B84D1D1D22E2841A00C3B4D7 /* Lato-Bold.ttf in Resources */,
				B84D1D0B22E2841A00C3B4D7 /* Lato-SemiboldItalic.ttf in Resources */,
				B84D1D2922E2841A00C3B4D7 /* OFL.txt in Resources */,
				B84D1D2322E2841A00C3B4D7 /* README.txt in Resources */,
				B84D1D0522E2841A00C3B4D7 /* Lato-Black.ttf in Resources */,
				B84D1D1A22E2841A00C3B4D7 /* Lato-BoldItalic.ttf in Resources */,
				B84D1D0E22E2841A00C3B4D7 /* Lato-ThinItalic.ttf in Resources */,
				B84D1CF922E2841A00C3B4D7 /* Lato-MediumItalic.ttf in Resources */,
				B84D1D2622E2841A00C3B4D7 /* Lato-LightItalic.ttf in Resources */,
				B84D1D1722E2841A00C3B4D7 /* Lato-Regular.ttf in Resources */,
				B84D1CF622E2841A00C3B4D7 /* Lato-Italic.ttf in Resources */,
				B884BF2322DECD24004BA821 /* GoogleService-Info.plist in Resources */,
			);
			runOnlyForDeploymentPostprocessing = 0;
		};
		B87FB55E22DBD112005D7DCA /* Resources */ = {
			isa = PBXResourcesBuildPhase;
			buildActionMask = 2147483647;
			files = (
				B84D1CFD22E2841A00C3B4D7 /* Lato-Semibold.ttf in Resources */,
				B84D1D1522E2841A00C3B4D7 /* Lato-Medium.ttf in Resources */,
				B84D1D2D22E2841A00C3B4D7 /* Lato-BlackItalic.ttf in Resources */,
				B84D1D0922E2841A00C3B4D7 /* Lato-HeavyItalic.ttf in Resources */,
				B84D1CF422E2841A00C3B4D7 /* Lato-Hairline.ttf in Resources */,
				B84D1D2122E2841A00C3B4D7 /* Lato-Heavy.ttf in Resources */,
				B84D1D1222E2841A00C3B4D7 /* Lato-Light.ttf in Resources */,
				B84D1D0322E2841A00C3B4D7 /* Lato-Thin.ttf in Resources */,
				B84D1D0022E2841A00C3B4D7 /* Lato-HairlineItalic.ttf in Resources */,
				B84D1D1E22E2841A00C3B4D7 /* Lato-Bold.ttf in Resources */,
				B84D1D0C22E2841A00C3B4D7 /* Lato-SemiboldItalic.ttf in Resources */,
				B84D1D2A22E2841A00C3B4D7 /* OFL.txt in Resources */,
				B84D1D2422E2841A00C3B4D7 /* README.txt in Resources */,
				B84D1D0622E2841A00C3B4D7 /* Lato-Black.ttf in Resources */,
				B84D1D1B22E2841A00C3B4D7 /* Lato-BoldItalic.ttf in Resources */,
				B84D1D0F22E2841A00C3B4D7 /* Lato-ThinItalic.ttf in Resources */,
				B84D1CFA22E2841A00C3B4D7 /* Lato-MediumItalic.ttf in Resources */,
				B84D1D2722E2841A00C3B4D7 /* Lato-LightItalic.ttf in Resources */,
				B84D1D1822E2841A00C3B4D7 /* Lato-Regular.ttf in Resources */,
				B84D1CF722E2841A00C3B4D7 /* Lato-Italic.ttf in Resources */,
				B884BF2422DECD24004BA821 /* GoogleService-Info.plist in Resources */,
			);
			runOnlyForDeploymentPostprocessing = 0;
		};
/* End PBXResourcesBuildPhase section */

/* Begin PBXShellScriptBuildPhase section */
		36FAE1E4F0B5B107D38106D1 /* [CP] Check Pods Manifest.lock */ = {
			isa = PBXShellScriptBuildPhase;
			buildActionMask = 2147483647;
			files = (
			);
			inputFileListPaths = (
			);
			inputPaths = (
				"${PODS_PODFILE_DIR_PATH}/Podfile.lock",
				"${PODS_ROOT}/Manifest.lock",
			);
			name = "[CP] Check Pods Manifest.lock";
			outputFileListPaths = (
			);
			outputPaths = (
				"$(DERIVED_FILE_DIR)/Pods-Uptick_iOSUITests-checkManifestLockResult.txt",
			);
			runOnlyForDeploymentPostprocessing = 0;
			shellPath = /bin/sh;
			shellScript = "diff \"${PODS_PODFILE_DIR_PATH}/Podfile.lock\" \"${PODS_ROOT}/Manifest.lock\" > /dev/null\nif [ $? != 0 ] ; then\n    # print error to STDERR\n    echo \"error: The sandbox is not in sync with the Podfile.lock. Run 'pod install' or update your CocoaPods installation.\" >&2\n    exit 1\nfi\n# This output is used by Xcode 'outputs' to avoid re-running this script phase.\necho \"SUCCESS\" > \"${SCRIPT_OUTPUT_FILE_0}\"\n";
			showEnvVarsInLog = 0;
		};
		952C237A38DA410779C6C063 /* [CP] Check Pods Manifest.lock */ = {
			isa = PBXShellScriptBuildPhase;
			buildActionMask = 2147483647;
			files = (
			);
			inputFileListPaths = (
			);
			inputPaths = (
				"${PODS_PODFILE_DIR_PATH}/Podfile.lock",
				"${PODS_ROOT}/Manifest.lock",
			);
			name = "[CP] Check Pods Manifest.lock";
			outputFileListPaths = (
			);
			outputPaths = (
				"$(DERIVED_FILE_DIR)/Pods-Uptick_iOSTests-checkManifestLockResult.txt",
			);
			runOnlyForDeploymentPostprocessing = 0;
			shellPath = /bin/sh;
			shellScript = "diff \"${PODS_PODFILE_DIR_PATH}/Podfile.lock\" \"${PODS_ROOT}/Manifest.lock\" > /dev/null\nif [ $? != 0 ] ; then\n    # print error to STDERR\n    echo \"error: The sandbox is not in sync with the Podfile.lock. Run 'pod install' or update your CocoaPods installation.\" >&2\n    exit 1\nfi\n# This output is used by Xcode 'outputs' to avoid re-running this script phase.\necho \"SUCCESS\" > \"${SCRIPT_OUTPUT_FILE_0}\"\n";
			showEnvVarsInLog = 0;
		};
		B833761C22E60172003BC588 /* ShellScript */ = {
			isa = PBXShellScriptBuildPhase;
			buildActionMask = 2147483647;
			files = (
			);
			inputFileListPaths = (
			);
			inputPaths = (
			);
			outputFileListPaths = (
			);
			outputPaths = (
			);
			runOnlyForDeploymentPostprocessing = 0;
			shellPath = /bin/sh;
			shellScript = "# Type a script or drag a script file from your workspace to insert its path.\ncustom_sim=`xcrun simctl list | grep 'Custom Simulators' | awk -F'[()]' '{print $2}'`\nif [ ! -z \"${custom_sim}\" ] && [ \"${TARGET_DEVICE_IDENTIFIER}\" = \"${custom_sim}\" ]; then\n/bin/sh multipleSimulatorsStartup.sh\nfi\n";
		};
		DD40A40D0163D09855236147 /* [CP] Embed Pods Frameworks */ = {
			isa = PBXShellScriptBuildPhase;
			buildActionMask = 2147483647;
			files = (
			);
			inputFileListPaths = (
				"${PODS_ROOT}/Target Support Files/Pods-Uptick_iOS/Pods-Uptick_iOS-frameworks-${CONFIGURATION}-input-files.xcfilelist",
			);
			name = "[CP] Embed Pods Frameworks";
			outputFileListPaths = (
				"${PODS_ROOT}/Target Support Files/Pods-Uptick_iOS/Pods-Uptick_iOS-frameworks-${CONFIGURATION}-output-files.xcfilelist",
			);
			runOnlyForDeploymentPostprocessing = 0;
			shellPath = /bin/sh;
			shellScript = "\"${PODS_ROOT}/Target Support Files/Pods-Uptick_iOS/Pods-Uptick_iOS-frameworks.sh\"\n";
			showEnvVarsInLog = 0;
		};
		F687E73EEE19A389F679F05E /* [CP] Check Pods Manifest.lock */ = {
			isa = PBXShellScriptBuildPhase;
			buildActionMask = 2147483647;
			files = (
			);
			inputFileListPaths = (
			);
			inputPaths = (
				"${PODS_PODFILE_DIR_PATH}/Podfile.lock",
				"${PODS_ROOT}/Manifest.lock",
			);
			name = "[CP] Check Pods Manifest.lock";
			outputFileListPaths = (
			);
			outputPaths = (
				"$(DERIVED_FILE_DIR)/Pods-Uptick_iOS-checkManifestLockResult.txt",
			);
			runOnlyForDeploymentPostprocessing = 0;
			shellPath = /bin/sh;
			shellScript = "diff \"${PODS_PODFILE_DIR_PATH}/Podfile.lock\" \"${PODS_ROOT}/Manifest.lock\" > /dev/null\nif [ $? != 0 ] ; then\n    # print error to STDERR\n    echo \"error: The sandbox is not in sync with the Podfile.lock. Run 'pod install' or update your CocoaPods installation.\" >&2\n    exit 1\nfi\n# This output is used by Xcode 'outputs' to avoid re-running this script phase.\necho \"SUCCESS\" > \"${SCRIPT_OUTPUT_FILE_0}\"\n";
			showEnvVarsInLog = 0;
		};
/* End PBXShellScriptBuildPhase section */

/* Begin PBXSourcesBuildPhase section */
		B87FB53A22DBD10F005D7DCA /* Sources */ = {
			isa = PBXSourcesBuildPhase;
			buildActionMask = 2147483647;
			files = (
				B8E66F7922E82AC100524EF2 /* AllUserVC.swift in Sources */,
				B8723E9F22E5A884000EF848 /* MessagesCell.swift in Sources */,
				B8313AE522E304B1003DFFD3 /* NotificationsVC.swift in Sources */,
				B8313ADD22E3041B003DFFD3 /* TermsVC.swift in Sources */,
				B8313AE322E30492003DFFD3 /* ContactVC.swift in Sources */,
				B8723E9722E5919D000EF848 /* MessageDetail.swift in Sources */,
				B815BFE822DC2CBD009CB1BE /* HomeVC.swift in Sources */,
				B8313AE122E30457003DFFD3 /* ReportBugVC.swift in Sources */,
				B8E66F7B22E82FFB00524EF2 /* User.swift in Sources */,
				B87FB54A22DBD10F005D7DCA /* Uptick_iOS.xcdatamodeld in Sources */,
				B815BFEA22DC2CCB009CB1BE /* ProfileVC.swift in Sources */,
				B8313ADB22E2FEB2003DFFD3 /* FaqVC.swift in Sources */,
				B8D76A8B22E1BCBB00BCBFFB /* MenuVC.swift in Sources */,
				B8313ADF22E30440003DFFD3 /* HelpVC.swift in Sources */,
				B87FB54422DBD10F005D7DCA /* SignInVC.swift in Sources */,
				B815BFE622DBE74C009CB1BE /* SignUpVC.swift in Sources */,
				B87FB54222DBD10F005D7DCA /* AppDelegate.swift in Sources */,
				B8723EA122E5A89D000EF848 /* Message.swift in Sources */,
				B8723E9922E59C55000EF848 /* MessageDetailCell.swift in Sources */,
				B84D1CD322E259F300C3B4D7 /* SettingsVC.swift in Sources */,
			);
			runOnlyForDeploymentPostprocessing = 0;
		};
		B87FB55122DBD112005D7DCA /* Sources */ = {
			isa = PBXSourcesBuildPhase;
			buildActionMask = 2147483647;
			files = (
				B87FB55A22DBD112005D7DCA /* Uptick_iOSTests.swift in Sources */,
			);
			runOnlyForDeploymentPostprocessing = 0;
		};
		B87FB55C22DBD112005D7DCA /* Sources */ = {
			isa = PBXSourcesBuildPhase;
			buildActionMask = 2147483647;
			files = (
				B87FB56522DBD112005D7DCA /* Uptick_iOSUITests.swift in Sources */,
			);
			runOnlyForDeploymentPostprocessing = 0;
		};
/* End PBXSourcesBuildPhase section */

/* Begin PBXTargetDependency section */
		B87FB55722DBD112005D7DCA /* PBXTargetDependency */ = {
			isa = PBXTargetDependency;
			target = B87FB53D22DBD10F005D7DCA /* Uptick_iOS */;
			targetProxy = B87FB55622DBD112005D7DCA /* PBXContainerItemProxy */;
		};
		B87FB56222DBD112005D7DCA /* PBXTargetDependency */ = {
			isa = PBXTargetDependency;
			target = B87FB53D22DBD10F005D7DCA /* Uptick_iOS */;
			targetProxy = B87FB56122DBD112005D7DCA /* PBXContainerItemProxy */;
		};
/* End PBXTargetDependency section */

/* Begin PBXVariantGroup section */
		B87FB54522DBD10F005D7DCA /* Main.storyboard */ = {
			isa = PBXVariantGroup;
			children = (
				B87FB54622DBD10F005D7DCA /* Base */,
			);
			name = Main.storyboard;
			sourceTree = "<group>";
		};
		B87FB54D22DBD112005D7DCA /* LaunchScreen.storyboard */ = {
			isa = PBXVariantGroup;
			children = (
				B87FB54E22DBD112005D7DCA /* Base */,
			);
			name = LaunchScreen.storyboard;
			sourceTree = "<group>";
		};
/* End PBXVariantGroup section */

/* Begin XCBuildConfiguration section */
		B87FB56722DBD112005D7DCA /* Debug */ = {
			isa = XCBuildConfiguration;
			buildSettings = {
				ALWAYS_SEARCH_USER_PATHS = NO;
				CLANG_ANALYZER_NONNULL = YES;
				CLANG_ANALYZER_NUMBER_OBJECT_CONVERSION = YES_AGGRESSIVE;
				CLANG_CXX_LANGUAGE_STANDARD = "gnu++14";
				CLANG_CXX_LIBRARY = "libc++";
				CLANG_ENABLE_MODULES = YES;
				CLANG_ENABLE_OBJC_ARC = YES;
				CLANG_ENABLE_OBJC_WEAK = YES;
				CLANG_WARN_BLOCK_CAPTURE_AUTORELEASING = YES;
				CLANG_WARN_BOOL_CONVERSION = YES;
				CLANG_WARN_COMMA = YES;
				CLANG_WARN_CONSTANT_CONVERSION = YES;
				CLANG_WARN_DEPRECATED_OBJC_IMPLEMENTATIONS = YES;
				CLANG_WARN_DIRECT_OBJC_ISA_USAGE = YES_ERROR;
				CLANG_WARN_DOCUMENTATION_COMMENTS = YES;
				CLANG_WARN_EMPTY_BODY = YES;
				CLANG_WARN_ENUM_CONVERSION = YES;
				CLANG_WARN_INFINITE_RECURSION = YES;
				CLANG_WARN_INT_CONVERSION = YES;
				CLANG_WARN_NON_LITERAL_NULL_CONVERSION = YES;
				CLANG_WARN_OBJC_IMPLICIT_RETAIN_SELF = YES;
				CLANG_WARN_OBJC_LITERAL_CONVERSION = YES;
				CLANG_WARN_OBJC_ROOT_CLASS = YES_ERROR;
				CLANG_WARN_RANGE_LOOP_ANALYSIS = YES;
				CLANG_WARN_STRICT_PROTOTYPES = YES;
				CLANG_WARN_SUSPICIOUS_MOVE = YES;
				CLANG_WARN_UNGUARDED_AVAILABILITY = YES_AGGRESSIVE;
				CLANG_WARN_UNREACHABLE_CODE = YES;
				CLANG_WARN__DUPLICATE_METHOD_MATCH = YES;
				CODE_SIGN_IDENTITY = "iPhone Developer";
				COPY_PHASE_STRIP = NO;
				DEBUG_INFORMATION_FORMAT = dwarf;
				DEVELOPMENT_TEAM = 3VV78SC9L3;
				ENABLE_STRICT_OBJC_MSGSEND = YES;
				ENABLE_TESTABILITY = YES;
				GCC_C_LANGUAGE_STANDARD = gnu11;
				GCC_DYNAMIC_NO_PIC = NO;
				GCC_NO_COMMON_BLOCKS = YES;
				GCC_OPTIMIZATION_LEVEL = 0;
				GCC_PREPROCESSOR_DEFINITIONS = (
					"DEBUG=1",
					"$(inherited)",
				);
				GCC_WARN_64_TO_32_BIT_CONVERSION = YES;
				GCC_WARN_ABOUT_RETURN_TYPE = YES_ERROR;
				GCC_WARN_UNDECLARED_SELECTOR = YES;
				GCC_WARN_UNINITIALIZED_AUTOS = YES_AGGRESSIVE;
				GCC_WARN_UNUSED_FUNCTION = YES;
				GCC_WARN_UNUSED_VARIABLE = YES;
				IPHONEOS_DEPLOYMENT_TARGET = 12.2;
				MTL_ENABLE_DEBUG_INFO = INCLUDE_SOURCE;
				MTL_FAST_MATH = YES;
				ONLY_ACTIVE_ARCH = YES;
				SDKROOT = iphoneos;
				SWIFT_ACTIVE_COMPILATION_CONDITIONS = DEBUG;
				SWIFT_OPTIMIZATION_LEVEL = "-Onone";
			};
			name = Debug;
		};
		B87FB56822DBD112005D7DCA /* Release */ = {
			isa = XCBuildConfiguration;
			buildSettings = {
				ALWAYS_SEARCH_USER_PATHS = NO;
				CLANG_ANALYZER_NONNULL = YES;
				CLANG_ANALYZER_NUMBER_OBJECT_CONVERSION = YES_AGGRESSIVE;
				CLANG_CXX_LANGUAGE_STANDARD = "gnu++14";
				CLANG_CXX_LIBRARY = "libc++";
				CLANG_ENABLE_MODULES = YES;
				CLANG_ENABLE_OBJC_ARC = YES;
				CLANG_ENABLE_OBJC_WEAK = YES;
				CLANG_WARN_BLOCK_CAPTURE_AUTORELEASING = YES;
				CLANG_WARN_BOOL_CONVERSION = YES;
				CLANG_WARN_COMMA = YES;
				CLANG_WARN_CONSTANT_CONVERSION = YES;
				CLANG_WARN_DEPRECATED_OBJC_IMPLEMENTATIONS = YES;
				CLANG_WARN_DIRECT_OBJC_ISA_USAGE = YES_ERROR;
				CLANG_WARN_DOCUMENTATION_COMMENTS = YES;
				CLANG_WARN_EMPTY_BODY = YES;
				CLANG_WARN_ENUM_CONVERSION = YES;
				CLANG_WARN_INFINITE_RECURSION = YES;
				CLANG_WARN_INT_CONVERSION = YES;
				CLANG_WARN_NON_LITERAL_NULL_CONVERSION = YES;
				CLANG_WARN_OBJC_IMPLICIT_RETAIN_SELF = YES;
				CLANG_WARN_OBJC_LITERAL_CONVERSION = YES;
				CLANG_WARN_OBJC_ROOT_CLASS = YES_ERROR;
				CLANG_WARN_RANGE_LOOP_ANALYSIS = YES;
				CLANG_WARN_STRICT_PROTOTYPES = YES;
				CLANG_WARN_SUSPICIOUS_MOVE = YES;
				CLANG_WARN_UNGUARDED_AVAILABILITY = YES_AGGRESSIVE;
				CLANG_WARN_UNREACHABLE_CODE = YES;
				CLANG_WARN__DUPLICATE_METHOD_MATCH = YES;
				CODE_SIGN_IDENTITY = "iPhone Developer";
				COPY_PHASE_STRIP = NO;
				DEBUG_INFORMATION_FORMAT = "dwarf-with-dsym";
				DEVELOPMENT_TEAM = 3VV78SC9L3;
				ENABLE_NS_ASSERTIONS = NO;
				ENABLE_STRICT_OBJC_MSGSEND = YES;
				GCC_C_LANGUAGE_STANDARD = gnu11;
				GCC_NO_COMMON_BLOCKS = YES;
				GCC_WARN_64_TO_32_BIT_CONVERSION = YES;
				GCC_WARN_ABOUT_RETURN_TYPE = YES_ERROR;
				GCC_WARN_UNDECLARED_SELECTOR = YES;
				GCC_WARN_UNINITIALIZED_AUTOS = YES_AGGRESSIVE;
				GCC_WARN_UNUSED_FUNCTION = YES;
				GCC_WARN_UNUSED_VARIABLE = YES;
				IPHONEOS_DEPLOYMENT_TARGET = 12.2;
				MTL_ENABLE_DEBUG_INFO = NO;
				MTL_FAST_MATH = YES;
				SDKROOT = iphoneos;
				SWIFT_COMPILATION_MODE = wholemodule;
				SWIFT_OPTIMIZATION_LEVEL = "-O";
				VALIDATE_PRODUCT = YES;
			};
			name = Release;
		};
		B87FB56A22DBD112005D7DCA /* Debug */ = {
			isa = XCBuildConfiguration;
			baseConfigurationReference = D8214B6B9208F506AE13FB6F /* Pods-Uptick_iOS.debug.xcconfig */;
			buildSettings = {
				ASSETCATALOG_COMPILER_APPICON_NAME = AppIcon;
				CODE_SIGN_STYLE = Automatic;
				INFOPLIST_FILE = Uptick_iOS/Info.plist;
				LD_RUNPATH_SEARCH_PATHS = (
					"$(inherited)",
					"@executable_path/Frameworks",
				);
				PRODUCT_BUNDLE_IDENTIFIER = "uptick.Uptick-iOS";
				PRODUCT_NAME = "$(TARGET_NAME)";
				SWIFT_VERSION = 5.0;
				TARGETED_DEVICE_FAMILY = "1,2";
			};
			name = Debug;
		};
		B87FB56B22DBD112005D7DCA /* Release */ = {
			isa = XCBuildConfiguration;
			baseConfigurationReference = DAA5E425178FF429F926A5F9 /* Pods-Uptick_iOS.release.xcconfig */;
			buildSettings = {
				ASSETCATALOG_COMPILER_APPICON_NAME = AppIcon;
				CODE_SIGN_STYLE = Automatic;
				INFOPLIST_FILE = Uptick_iOS/Info.plist;
				LD_RUNPATH_SEARCH_PATHS = (
					"$(inherited)",
					"@executable_path/Frameworks",
				);
				PRODUCT_BUNDLE_IDENTIFIER = "uptick.Uptick-iOS";
				PRODUCT_NAME = "$(TARGET_NAME)";
				SWIFT_VERSION = 5.0;
				TARGETED_DEVICE_FAMILY = "1,2";
			};
			name = Release;
		};
		B87FB56D22DBD112005D7DCA /* Debug */ = {
			isa = XCBuildConfiguration;
			baseConfigurationReference = 4C5FD2FE946775352EC347A5 /* Pods-Uptick_iOSTests.debug.xcconfig */;
			buildSettings = {
				ALWAYS_EMBED_SWIFT_STANDARD_LIBRARIES = YES;
				BUNDLE_LOADER = "$(TEST_HOST)";
				CODE_SIGN_STYLE = Automatic;
				INFOPLIST_FILE = Uptick_iOSTests/Info.plist;
				LD_RUNPATH_SEARCH_PATHS = (
					"$(inherited)",
					"@executable_path/Frameworks",
					"@loader_path/Frameworks",
				);
				PRODUCT_BUNDLE_IDENTIFIER = "uptick.Uptick-iOSTests";
				PRODUCT_NAME = "$(TARGET_NAME)";
				SWIFT_VERSION = 5.0;
				TARGETED_DEVICE_FAMILY = "1,2";
				TEST_HOST = "$(BUILT_PRODUCTS_DIR)/Uptick_iOS.app/Uptick_iOS";
			};
			name = Debug;
		};
		B87FB56E22DBD112005D7DCA /* Release */ = {
			isa = XCBuildConfiguration;
			baseConfigurationReference = 8C760E6B590F3B8A245E6AC4 /* Pods-Uptick_iOSTests.release.xcconfig */;
			buildSettings = {
				ALWAYS_EMBED_SWIFT_STANDARD_LIBRARIES = YES;
				BUNDLE_LOADER = "$(TEST_HOST)";
				CODE_SIGN_STYLE = Automatic;
				INFOPLIST_FILE = Uptick_iOSTests/Info.plist;
				LD_RUNPATH_SEARCH_PATHS = (
					"$(inherited)",
					"@executable_path/Frameworks",
					"@loader_path/Frameworks",
				);
				PRODUCT_BUNDLE_IDENTIFIER = "uptick.Uptick-iOSTests";
				PRODUCT_NAME = "$(TARGET_NAME)";
				SWIFT_VERSION = 5.0;
				TARGETED_DEVICE_FAMILY = "1,2";
				TEST_HOST = "$(BUILT_PRODUCTS_DIR)/Uptick_iOS.app/Uptick_iOS";
			};
			name = Release;
		};
		B87FB57022DBD112005D7DCA /* Debug */ = {
			isa = XCBuildConfiguration;
			baseConfigurationReference = F2FE6DC9FB2941AC6ABBDA60 /* Pods-Uptick_iOSUITests.debug.xcconfig */;
			buildSettings = {
				ALWAYS_EMBED_SWIFT_STANDARD_LIBRARIES = YES;
				CODE_SIGN_STYLE = Automatic;
				INFOPLIST_FILE = Uptick_iOSUITests/Info.plist;
				LD_RUNPATH_SEARCH_PATHS = (
					"$(inherited)",
					"@executable_path/Frameworks",
					"@loader_path/Frameworks",
				);
				PRODUCT_BUNDLE_IDENTIFIER = "uptick.Uptick-iOSUITests";
				PRODUCT_NAME = "$(TARGET_NAME)";
				SWIFT_VERSION = 5.0;
				TARGETED_DEVICE_FAMILY = "1,2";
				TEST_TARGET_NAME = Uptick_iOS;
			};
			name = Debug;
		};
		B87FB57122DBD112005D7DCA /* Release */ = {
			isa = XCBuildConfiguration;
			baseConfigurationReference = 9700390BBDCD3CF2774B98EB /* Pods-Uptick_iOSUITests.release.xcconfig */;
			buildSettings = {
				ALWAYS_EMBED_SWIFT_STANDARD_LIBRARIES = YES;
				CODE_SIGN_STYLE = Automatic;
				INFOPLIST_FILE = Uptick_iOSUITests/Info.plist;
				LD_RUNPATH_SEARCH_PATHS = (
					"$(inherited)",
					"@executable_path/Frameworks",
					"@loader_path/Frameworks",
				);
				PRODUCT_BUNDLE_IDENTIFIER = "uptick.Uptick-iOSUITests";
				PRODUCT_NAME = "$(TARGET_NAME)";
				SWIFT_VERSION = 5.0;
				TARGETED_DEVICE_FAMILY = "1,2";
				TEST_TARGET_NAME = Uptick_iOS;
			};
			name = Release;
		};
/* End XCBuildConfiguration section */

/* Begin XCConfigurationList section */
		B87FB53922DBD10E005D7DCA /* Build configuration list for PBXProject "Uptick_iOS" */ = {
			isa = XCConfigurationList;
			buildConfigurations = (
				B87FB56722DBD112005D7DCA /* Debug */,
				B87FB56822DBD112005D7DCA /* Release */,
			);
			defaultConfigurationIsVisible = 0;
			defaultConfigurationName = Release;
		};
		B87FB56922DBD112005D7DCA /* Build configuration list for PBXNativeTarget "Uptick_iOS" */ = {
			isa = XCConfigurationList;
			buildConfigurations = (
				B87FB56A22DBD112005D7DCA /* Debug */,
				B87FB56B22DBD112005D7DCA /* Release */,
			);
			defaultConfigurationIsVisible = 0;
			defaultConfigurationName = Release;
		};
		B87FB56C22DBD112005D7DCA /* Build configuration list for PBXNativeTarget "Uptick_iOSTests" */ = {
			isa = XCConfigurationList;
			buildConfigurations = (
				B87FB56D22DBD112005D7DCA /* Debug */,
				B87FB56E22DBD112005D7DCA /* Release */,
			);
			defaultConfigurationIsVisible = 0;
			defaultConfigurationName = Release;
		};
		B87FB56F22DBD112005D7DCA /* Build configuration list for PBXNativeTarget "Uptick_iOSUITests" */ = {
			isa = XCConfigurationList;
			buildConfigurations = (
				B87FB57022DBD112005D7DCA /* Debug */,
				B87FB57122DBD112005D7DCA /* Release */,
			);
			defaultConfigurationIsVisible = 0;
			defaultConfigurationName = Release;
		};
/* End XCConfigurationList section */

/* Begin XCVersionGroup section */
		B87FB54822DBD10F005D7DCA /* Uptick_iOS.xcdatamodeld */ = {
			isa = XCVersionGroup;
			children = (
				B87FB54922DBD10F005D7DCA /* Uptick_iOS.xcdatamodel */,
			);
			currentVersion = B87FB54922DBD10F005D7DCA /* Uptick_iOS.xcdatamodel */;
			path = Uptick_iOS.xcdatamodeld;
			sourceTree = "<group>";
			versionGroupType = wrapper.xcdatamodel;
		};
/* End XCVersionGroup section */
	};
	rootObject = B87FB53622DBD10E005D7DCA /* Project object */;
}
